
Microsoft Visual Studio Solution File, Format Version 12.00
# Visual Studio 15
VisualStudioVersion = 15.0.28307.1778
MinimumVisualStudioVersion = 10.0.40219.1
Project("{FAE04EC0-301F-11D3-BF4B-00C04F79EFBC}") = "sln-Steel", "sln-Steel\sln-Steel.csproj", "{1C768A9C-CC7A-4024-994F-70107EAE53BE}"
EndProject
Project("{FAE04EC0-301F-11D3-BF4B-00C04F79EFBC}") = "Repository.Data", "Repository.Data\Repository.Data.csproj", "{29E67DDD-89C8-43A9-8E1B-D8AF74340424}"
EndProject
Project("{FAE04EC0-301F-11D3-BF4B-00C04F79EFBC}") = "Repository.Access", "Repository.Access\Repository.Access.csproj", "{ADE167D3-6397-49A5-94D1-D77AF893C8C2}"
EndProject
Global
	GlobalSection(SolutionConfigurationPlatforms) = preSolution
		Debug|Any CPU = Debug|Any CPU
		Release|Any CPU = Release|Any CPU
	EndGlobalSection
	GlobalSection(ProjectConfigurationPlatforms) = postSolution
		{1C768A9C-CC7A-4024-994F-70107EAE53BE}.Debug|Any CPU.ActiveCfg = Debug|Any CPU
		{1C768A9C-CC7A-4024-994F-70107EAE53BE}.Debug|Any CPU.Build.0 = Debug|Any CPU
		{1C768A9C-CC7A-4024-994F-70107EAE53BE}.Release|Any CPU.ActiveCfg = Release|Any CPU
		{1C768A9C-CC7A-4024-994F-70107EAE53BE}.Release|Any CPU.Build.0 = Release|Any CPU
		{29E67DDD-89C8-43A9-8E1B-D8AF74340424}.Debug|Any CPU.ActiveCfg = Debug|Any CPU
		{29E67DDD-89C8-43A9-8E1B-D8AF74340424}.Debug|Any CPU.Build.0 = Debug|Any CPU
		{29E67DDD-89C8-43A9-8E1B-D8AF74340424}.Release|Any CPU.ActiveCfg = Release|Any CPU
		{29E67DDD-89C8-43A9-8E1B-D8AF74340424}.Release|Any CPU.Build.0 = Release|Any CPU
		{ADE167D3-6397-49A5-94D1-D77AF893C8C2}.Debug|Any CPU.ActiveCfg = Debug|Any CPU
		{ADE167D3-6397-49A5-94D1-D77AF893C8C2}.Debug|Any CPU.Build.0 = Debug|Any CPU
		{ADE167D3-6397-49A5-94D1-D77AF893C8C2}.Release|Any CPU.ActiveCfg = Release|Any CPU
		{ADE167D3-6397-49A5-94D1-D77AF893C8C2}.Release|Any CPU.Build.0 = Release|Any CPU
	EndGlobalSection
	GlobalSection(SolutionProperties) = preSolution
		HideSolutionNode = FALSE
	EndGlobalSection
	GlobalSection(ExtensibilityGlobals) = postSolution
		SolutionGuid = {BD8C4EE9-F634-4EF2-ADE1-DDE3A1D5A5AF}
	EndGlobalSection
EndGlobal
