
Microsoft Visual Studio Solution File, Format Version 12.00
# Visual Studio Version 17
VisualStudioVersion = 17.7.34031.279
MinimumVisualStudioVersion = 10.0.40219.1
Project("{FAE04EC0-301F-11D3-BF4B-00C04F79EFBC}") = "ApiSteel-NET6", "ApiSteel-NET6.csproj", "{07D43DD6-07D7-4C3D-834F-D7C2A1ACBDDB}"
EndProject
Project("{FAE04EC0-301F-11D3-BF4B-00C04F79EFBC}") = "Repository.Data", "Repository.Data\Repository.Data.csproj", "{F4A71689-9A32-4307-A950-9DF4C8658BB1}"
EndProject
Project("{FAE04EC0-301F-11D3-BF4B-00C04F79EFBC}") = "Repository.Access", "Repository.Access\Repository.Access.csproj", "{47662BDF-E984-4DED-91A4-14FEAF9E1E2A}"
EndProject
Global
	GlobalSection(SolutionConfigurationPlatforms) = preSolution
		Debug|Any CPU = Debug|Any CPU
		Release|Any CPU = Release|Any CPU
	EndGlobalSection
	GlobalSection(ProjectConfigurationPlatforms) = postSolution
		{07D43DD6-07D7-4C3D-834F-D7C2A1ACBDDB}.Debug|Any CPU.ActiveCfg = Debug|Any CPU
		{07D43DD6-07D7-4C3D-834F-D7C2A1ACBDDB}.Debug|Any CPU.Build.0 = Debug|Any CPU
		{07D43DD6-07D7-4C3D-834F-D7C2A1ACBDDB}.Release|Any CPU.ActiveCfg = Release|Any CPU
		{07D43DD6-07D7-4C3D-834F-D7C2A1ACBDDB}.Release|Any CPU.Build.0 = Release|Any CPU
		{F4A71689-9A32-4307-A950-9DF4C8658BB1}.Debug|Any CPU.ActiveCfg = Debug|Any CPU
		{F4A71689-9A32-4307-A950-9DF4C8658BB1}.Debug|Any CPU.Build.0 = Debug|Any CPU
		{F4A71689-9A32-4307-A950-9DF4C8658BB1}.Release|Any CPU.ActiveCfg = Release|Any CPU
		{F4A71689-9A32-4307-A950-9DF4C8658BB1}.Release|Any CPU.Build.0 = Release|Any CPU
		{47662BDF-E984-4DED-91A4-14FEAF9E1E2A}.Debug|Any CPU.ActiveCfg = Debug|Any CPU
		{47662BDF-E984-4DED-91A4-14FEAF9E1E2A}.Debug|Any CPU.Build.0 = Debug|Any CPU
		{47662BDF-E984-4DED-91A4-14FEAF9E1E2A}.Release|Any CPU.ActiveCfg = Release|Any CPU
		{47662BDF-E984-4DED-91A4-14FEAF9E1E2A}.Release|Any CPU.Build.0 = Release|Any CPU
	EndGlobalSection
	GlobalSection(SolutionProperties) = preSolution
		HideSolutionNode = FALSE
	EndGlobalSection
	GlobalSection(ExtensibilityGlobals) = postSolution
		SolutionGuid = {C7142135-1C47-4C3B-AC01-F3B7B04537F8}
	EndGlobalSection
EndGlobal
